
Microsoft Visual Studio Solution File, Format Version 11.00
# Visual Studio 2010
Project("{E24C65DC-7377-472B-9ABA-BC803B73C61A}") = "DGFT_WebService", ".", "{BF03D831-3FAC-4D8F-B18A-7BD8AF061A36}"
	ProjectSection(WebsiteProperties) = preProject
		TargetFrameworkMoniker = ".NETFramework,Version%3Dv4.0"
		Debug.AspNetCompiler.VirtualPath = "/DGFT_WebService"
		Debug.AspNetCompiler.PhysicalPath = "..\DGFT_WebService\"
		Debug.AspNetCompiler.TargetPath = "PrecompiledWeb\DGFT_WebService\"
		Debug.AspNetCompiler.Updateable = "true"
		Debug.AspNetCompiler.ForceOverwrite = "true"
		Debug.AspNetCompiler.FixedNames = "false"
		Debug.AspNetCompiler.Debug = "True"
		Release.AspNetCompiler.VirtualPath = "/DGFT_WebService"
		Release.AspNetCompiler.PhysicalPath = "..\DGFT_WebService\"
		Release.AspNetCompiler.TargetPath = "PrecompiledWeb\DGFT_WebService\"
		Release.AspNetCompiler.Updateable = "true"
		Release.AspNetCompiler.ForceOverwrite = "true"
		Release.AspNetCompiler.FixedNames = "false"
		Release.AspNetCompiler.Debug = "False"
		VWDPort = "31086"
	EndProjectSection
EndProject
Global
	GlobalSection(SolutionConfigurationPlatforms) = preSolution
		Debug|Any CPU = Debug|Any CPU
	EndGlobalSection
	GlobalSection(ProjectConfigurationPlatforms) = postSolution
		{BF03D831-3FAC-4D8F-B18A-7BD8AF061A36}.Debug|Any CPU.ActiveCfg = Debug|Any CPU
		{BF03D831-3FAC-4D8F-B18A-7BD8AF061A36}.Debug|Any CPU.Build.0 = Debug|Any CPU
	EndGlobalSection
	GlobalSection(SolutionProperties) = preSolution
		HideSolutionNode = FALSE
	EndGlobalSection
EndGlobal
